<?xml version="1.0" encoding="utf-8"?>
<Project ToolsVersion="4.0" xmlns="http://schemas.microsoft.com/developer/msbuild/2003">
  <ItemGroup>
    <Filter Include="ソース ファイル">
      <UniqueIdentifier>{4FC737F1-C7A5-4376-A066-2A32D752A2FF}</UniqueIdentifier>
      <Extensions>cpp;c;cc;cxx;c++;cppm;ixx;def;odl;idl;hpj;bat;asm;asmx</Extensions>
    </Filter>
    <Filter Include="ヘッダー ファイル">
      <UniqueIdentifier>{93995380-89BD-4b04-88EB-625FBE52EBFB}</UniqueIdentifier>
      <Extensions>h;hh;hpp;hxx;h++;hm;inl;inc;ipp;xsd</Extensions>
    </Filter>
    <Filter Include="リソース ファイル">
      <UniqueIdentifier>{67DA6AB6-F800-4c08-8B7A-83BB121AAD01}</UniqueIdentifier>
      <Extensions>rc;ico;cur;bmp;dlg;rc2;rct;bin;rgs;gif;jpg;jpeg;jpe;resx;tiff;tif;png;wav;mfcribbon-ms</Extensions>
    </Filter>
    <Filter Include="ソース ファイル\Timer">
      <UniqueIdentifier>{2cecf727-a5d3-4d85-96dc-8386b0c566b6}</UniqueIdentifier>
    </Filter>
    <Filter Include="ソース ファイル\Debug">
      <UniqueIdentifier>{b0d7bbd0-55e4-45b6-ab4e-667ca0276c37}</UniqueIdentifier>
    </Filter>
    <Filter Include="ソース ファイル\Point">
      <UniqueIdentifier>{cc9da47e-de1e-4298-ae77-ce219ab3449b}</UniqueIdentifier>
    </Filter>
    <Filter Include="ヘッダー ファイル\Allocator">
      <UniqueIdentifier>{f2bbfca6-2070-4c1a-986d-bf7ed2fa2211}</UniqueIdentifier>
    </Filter>
    <Filter Include="ヘッダー ファイル\Debug">
      <UniqueIdentifier>{ffa4ffda-71af-44f3-bd6a-da2032d0c7d8}</UniqueIdentifier>
    </Filter>
    <Filter Include="ヘッダー ファイル\Timer">
      <UniqueIdentifier>{d31f4429-1fb5-4cb5-a7f2-411876cd8494}</UniqueIdentifier>
    </Filter>
    <Filter Include="ヘッダー ファイル\Point">
      <UniqueIdentifier>{440e2406-be3e-4bcf-aa50-f3332319799e}</UniqueIdentifier>
    </Filter>
    <Filter Include="ソース ファイル\Player">
      <UniqueIdentifier>{09fbfa6c-7cb7-4c73-ab08-554d954a836a}</UniqueIdentifier>
    </Filter>
    <Filter Include="ヘッダー ファイル\Player">
      <UniqueIdentifier>{2e53aca7-ddcd-44ca-8026-e88870269ade}</UniqueIdentifier>
    </Filter>
  </ItemGroup>
  <ItemGroup>
    <ClInclude Include="src\Allocator\AllocatorDefine.hpp">
      <Filter>ヘッダー ファイル\Allocator</Filter>
    </ClInclude>
    <ClInclude Include="src\Allocator\Allocator.hpp">
      <Filter>ヘッダー ファイル\Allocator</Filter>
    </ClInclude>
    <ClInclude Include="src\Debug\Debug.hpp">
      <Filter>ヘッダー ファイル\Debug</Filter>
    </ClInclude>
    <ClInclude Include="src\Point\Point.hpp">
      <Filter>ヘッダー ファイル\Point</Filter>
    </ClInclude>
    <ClInclude Include="src\Timer\Timer.hpp">
      <Filter>ヘッダー ファイル\Timer</Filter>
    </ClInclude>
    <ClInclude Include="src\BitBoard.hpp">
      <Filter>ヘッダー ファイル</Filter>
    </ClInclude>
    <ClInclude Include="src\BitBoardUnitTest.hpp">
      <Filter>ヘッダー ファイル</Filter>
    </ClInclude>
    <ClInclude Include="src\Node.hpp">
      <Filter>ヘッダー ファイル</Filter>
    </ClInclude>
    <ClInclude Include="src\GameAIFunction.hpp">
      <Filter>ヘッダー ファイル</Filter>
    </ClInclude>
    <ClInclude Include="src\Random.hpp">
      <Filter>ヘッダー ファイル</Filter>
    </ClInclude>
    <ClInclude Include="src\Player.hpp">
      <Filter>ヘッダー ファイル\Player</Filter>
    </ClInclude>
    <ClInclude Include="src\MCTS.hpp">
      <Filter>ヘッダー ファイル\Player</Filter>
    </ClInclude>
  </ItemGroup>
  <ItemGroup>
    <ClCompile Include="src\Debug\Debug.cpp">
      <Filter>ソース ファイル\Debug</Filter>
    </ClCompile>
    <ClCompile Include="src\Timer\Timer.cpp">
      <Filter>ソース ファイル\Timer</Filter>
    </ClCompile>
    <ClCompile Include="src\BitBoard.cpp">
      <Filter>ソース ファイル</Filter>
    </ClCompile>
    <ClCompile Include="src\BitBoard_BitOperation.cpp">
      <Filter>ソース ファイル</Filter>
    </ClCompile>
    <ClCompile Include="src\BitBoardUnitTest.cpp">
      <Filter>ソース ファイル</Filter>
    </ClCompile>
    <ClCompile Include="src\Main.cpp">
      <Filter>ソース ファイル</Filter>
    </ClCompile>
    <ClCompile Include="src\Point\Point.cpp">
      <Filter>ソース ファイル\Point</Filter>
    </ClCompile>
    <ClCompile Include="src\Node.cpp">
      <Filter>ソース ファイル</Filter>
    </ClCompile>
    <ClCompile Include="src\GameAIFunction.cpp">
      <Filter>ソース ファイル</Filter>
    </ClCompile>
    <ClCompile Include="src\Random.cpp">
      <Filter>ソース ファイル</Filter>
    </ClCompile>
    <ClCompile Include="src\MCTS.cpp">
      <Filter>ソース ファイル\Player</Filter>
    </ClCompile>
  </ItemGroup>
</Project>